
Microsoft Visual Studio Solution File, Format Version 12.00
# Visual Studio 15
VisualStudioVersion = 15.0.27703.2026
MinimumVisualStudioVersion = 10.0.40219.1
Project("{FAE04EC0-301F-11D3-BF4B-00C04F79EFBC}") = "SubsetProblem", "SubsetProblem\SubsetProblem.csproj", "{BF1753B4-48A9-4A18-899E-3427C4432D29}"
EndProject
Global
	GlobalSection(SolutionConfigurationPlatforms) = preSolution
		Debug|Any CPU = Debug|Any CPU
		Release|Any CPU = Release|Any CPU
	EndGlobalSection
	GlobalSection(ProjectConfigurationPlatforms) = postSolution
		{BF1753B4-48A9-4A18-899E-3427C4432D29}.Debug|Any CPU.ActiveCfg = Debug|Any CPU
		{BF1753B4-48A9-4A18-899E-3427C4432D29}.Debug|Any CPU.Build.0 = Debug|Any CPU
		{BF1753B4-48A9-4A18-899E-3427C4432D29}.Release|Any CPU.ActiveCfg = Release|Any CPU
		{BF1753B4-48A9-4A18-899E-3427C4432D29}.Release|Any CPU.Build.0 = Release|Any CPU
	EndGlobalSection
	GlobalSection(SolutionProperties) = preSolution
		HideSolutionNode = FALSE
	EndGlobalSection
	GlobalSection(ExtensibilityGlobals) = postSolution
		SolutionGuid = {9C96D3CE-0EB1-4ED0-AD25-655D04D0D84F}
	EndGlobalSection
EndGlobal
